
Microsoft Visual Studio Solution File, Format Version 12.00
# Visual Studio Version 16
VisualStudioVersion = 16.0.30717.126
MinimumVisualStudioVersion = 10.0.40219.1
Project("{FAE04EC0-301F-11D3-BF4B-00C04F79EFBC}") = "Bai TH 2 Dev huong doi tuong", "Bai TH 2 Dev huong doi tuong\Bai TH 2 Dev huong doi tuong.csproj", "{3CA6D34E-34E7-4162-98BF-8D01262D80DB}"
EndProject
Global
	GlobalSection(SolutionConfigurationPlatforms) = preSolution
		Debug|Any CPU = Debug|Any CPU
		Release|Any CPU = Release|Any CPU
	EndGlobalSection
	GlobalSection(ProjectConfigurationPlatforms) = postSolution
		{3CA6D34E-34E7-4162-98BF-8D01262D80DB}.Debug|Any CPU.ActiveCfg = Debug|Any CPU
		{3CA6D34E-34E7-4162-98BF-8D01262D80DB}.Debug|Any CPU.Build.0 = Debug|Any CPU
		{3CA6D34E-34E7-4162-98BF-8D01262D80DB}.Release|Any CPU.ActiveCfg = Release|Any CPU
		{3CA6D34E-34E7-4162-98BF-8D01262D80DB}.Release|Any CPU.Build.0 = Release|Any CPU
	EndGlobalSection
	GlobalSection(SolutionProperties) = preSolution
		HideSolutionNode = FALSE
	EndGlobalSection
	GlobalSection(ExtensibilityGlobals) = postSolution
		SolutionGuid = {A4B1F66F-0D9D-45CF-8B62-D8B9214BB49A}
	EndGlobalSection
EndGlobal
